
Microsoft Visual Studio Solution File, Format Version 12.00
# Visual Studio Version 17
VisualStudioVersion = 17.10.35027.167
MinimumVisualStudioVersion = 10.0.40219.1
Project("{FAE04EC0-301F-11D3-BF4B-00C04F79EFBC}") = "BookStore", "BookStore\BookStore.csproj", "{372D70D8-47DC-438B-883E-C61395CA0DBB}"
EndProject
Global
	GlobalSection(SolutionConfigurationPlatforms) = preSolution
		Debug|Any CPU = Debug|Any CPU
		Release|Any CPU = Release|Any CPU
	EndGlobalSection
	GlobalSection(ProjectConfigurationPlatforms) = postSolution
		{372D70D8-47DC-438B-883E-C61395CA0DBB}.Debug|Any CPU.ActiveCfg = Debug|Any CPU
		{372D70D8-47DC-438B-883E-C61395CA0DBB}.Debug|Any CPU.Build.0 = Debug|Any CPU
		{372D70D8-47DC-438B-883E-C61395CA0DBB}.Release|Any CPU.ActiveCfg = Release|Any CPU
		{372D70D8-47DC-438B-883E-C61395CA0DBB}.Release|Any CPU.Build.0 = Release|Any CPU
	EndGlobalSection
	GlobalSection(SolutionProperties) = preSolution
		HideSolutionNode = FALSE
	EndGlobalSection
	GlobalSection(ExtensibilityGlobals) = postSolution
		SolutionGuid = {493459A9-E7D0-46C8-803A-84FFAD0DF910}
	EndGlobalSection
EndGlobal
